
Microsoft Visual Studio Solution File, Format Version 12.00
# Visual Studio Version 16
VisualStudioVersion = 16.0.30413.136
MinimumVisualStudioVersion = 10.0.40219.1
Project("{FAE04EC0-301F-11D3-BF4B-00C04F79EFBC}") = "ElementsTreeNavigationExample", "ElementsTreeNavigationExample\ElementsTreeNavigationExample.csproj", "{C64E2B6D-CB1A-463D-96CA-99A71AECF6C3}"
EndProject
Global
	GlobalSection(SolutionConfigurationPlatforms) = preSolution
		Debug|Any CPU = Debug|Any CPU
		Release|Any CPU = Release|Any CPU
	EndGlobalSection
	GlobalSection(ProjectConfigurationPlatforms) = postSolution
		{C64E2B6D-CB1A-463D-96CA-99A71AECF6C3}.Debug|Any CPU.ActiveCfg = Debug|Any CPU
		{C64E2B6D-CB1A-463D-96CA-99A71AECF6C3}.Debug|Any CPU.Build.0 = Debug|Any CPU
		{C64E2B6D-CB1A-463D-96CA-99A71AECF6C3}.Release|Any CPU.ActiveCfg = Release|Any CPU
		{C64E2B6D-CB1A-463D-96CA-99A71AECF6C3}.Release|Any CPU.Build.0 = Release|Any CPU
	EndGlobalSection
	GlobalSection(SolutionProperties) = preSolution
		HideSolutionNode = FALSE
	EndGlobalSection
	GlobalSection(ExtensibilityGlobals) = postSolution
		SolutionGuid = {16874147-CC87-40F4-B87E-FCD7F0B64C2D}
	EndGlobalSection
EndGlobal
